
Microsoft Visual Studio Solution File, Format Version 12.00
# Visual Studio 15
VisualStudioVersion = 15.0.26730.16
MinimumVisualStudioVersion = 10.0.40219.1
Project("{FAE04EC0-301F-11D3-BF4B-00C04F79EFBC}") = "Galeria.Android", "Galeria\Galeria.Android\Galeria.Android.csproj", "{1EE31926-3AC3-47AA-85CA-A9FED410B3FB}"
EndProject
Project("{FAE04EC0-301F-11D3-BF4B-00C04F79EFBC}") = "Galeria", "Galeria\Galeria\Galeria.csproj", "{2A614A88-AA8F-41AF-904D-B4C52C9BBD0D}"
EndProject
Project("{FAE04EC0-301F-11D3-BF4B-00C04F79EFBC}") = "Galeria.UWP", "Galeria\Galeria.UWP\Galeria.UWP.csproj", "{F1F23FBA-93E2-4982-9BF6-34450D8130CE}"
EndProject
Project("{FAE04EC0-301F-11D3-BF4B-00C04F79EFBC}") = "Galeria.iOS", "Galeria\Galeria.iOS\Galeria.iOS.csproj", "{D8650A41-85E8-474A-BBF7-B5B57AFC855F}"
EndProject
Global
	GlobalSection(SolutionConfigurationPlatforms) = preSolution
		Ad-Hoc|Any CPU = Ad-Hoc|Any CPU
		Ad-Hoc|ARM = Ad-Hoc|ARM
		Ad-Hoc|iPhone = Ad-Hoc|iPhone
		Ad-Hoc|iPhoneSimulator = Ad-Hoc|iPhoneSimulator
		Ad-Hoc|x64 = Ad-Hoc|x64
		Ad-Hoc|x86 = Ad-Hoc|x86
		AppStore|Any CPU = AppStore|Any CPU
		AppStore|ARM = AppStore|ARM
		AppStore|iPhone = AppStore|iPhone
		AppStore|iPhoneSimulator = AppStore|iPhoneSimulator
		AppStore|x64 = AppStore|x64
		AppStore|x86 = AppStore|x86
		Debug|Any CPU = Debug|Any CPU
		Debug|ARM = Debug|ARM
		Debug|iPhone = Debug|iPhone
		Debug|iPhoneSimulator = Debug|iPhoneSimulator
		Debug|x64 = Debug|x64
		Debug|x86 = Debug|x86
		Release|Any CPU = Release|Any CPU
		Release|ARM = Release|ARM
		Release|iPhone = Release|iPhone
		Release|iPhoneSimulator = Release|iPhoneSimulator
		Release|x64 = Release|x64
		Release|x86 = Release|x86
	EndGlobalSection
	GlobalSection(ProjectConfigurationPlatforms) = postSolution
		{1EE31926-3AC3-47AA-85CA-A9FED410B3FB}.Ad-Hoc|Any CPU.ActiveCfg = Release|Any CPU
		{1EE31926-3AC3-47AA-85CA-A9FED410B3FB}.Ad-Hoc|Any CPU.Build.0 = Release|Any CPU
		{1EE31926-3AC3-47AA-85CA-A9FED410B3FB}.Ad-Hoc|Any CPU.Deploy.0 = Release|Any CPU
		{1EE31926-3AC3-47AA-85CA-A9FED410B3FB}.Ad-Hoc|ARM.ActiveCfg = Release|Any CPU
		{1EE31926-3AC3-47AA-85CA-A9FED410B3FB}.Ad-Hoc|ARM.Build.0 = Release|Any CPU
		{1EE31926-3AC3-47AA-85CA-A9FED410B3FB}.Ad-Hoc|ARM.Deploy.0 = Release|Any CPU
		{1EE31926-3AC3-47AA-85CA-A9FED410B3FB}.Ad-Hoc|iPhone.ActiveCfg = Release|Any CPU
		{1EE31926-3AC3-47AA-85CA-A9FED410B3FB}.Ad-Hoc|iPhone.Build.0 = Release|Any CPU
		{1EE31926-3AC3-47AA-85CA-A9FED410B3FB}.Ad-Hoc|iPhone.Deploy.0 = Release|Any CPU
		{1EE31926-3AC3-47AA-85CA-A9FED410B3FB}.Ad-Hoc|iPhoneSimulator.ActiveCfg = Release|Any CPU
		{1EE31926-3AC3-47AA-85CA-A9FED410B3FB}.Ad-Hoc|iPhoneSimulator.Build.0 = Release|Any CPU
		{1EE31926-3AC3-47AA-85CA-A9FED410B3FB}.Ad-Hoc|iPhoneSimulator.Deploy.0 = Release|Any CPU
		{1EE31926-3AC3-47AA-85CA-A9FED410B3FB}.Ad-Hoc|x64.ActiveCfg = Release|Any CPU
		{1EE31926-3AC3-47AA-85CA-A9FED410B3FB}.Ad-Hoc|x64.Build.0 = Release|Any CPU
		{1EE31926-3AC3-47AA-85CA-A9FED410B3FB}.Ad-Hoc|x64.Deploy.0 = Release|Any CPU
		{1EE31926-3AC3-47AA-85CA-A9FED410B3FB}.Ad-Hoc|x86.ActiveCfg = Release|Any CPU
		{1EE31926-3AC3-47AA-85CA-A9FED410B3FB}.Ad-Hoc|x86.Build.0 = Release|Any CPU
		{1EE31926-3AC3-47AA-85CA-A9FED410B3FB}.Ad-Hoc|x86.Deploy.0 = Release|Any CPU
		{1EE31926-3AC3-47AA-85CA-A9FED410B3FB}.AppStore|Any CPU.ActiveCfg = Release|Any CPU
		{1EE31926-3AC3-47AA-85CA-A9FED410B3FB}.AppStore|Any CPU.Build.0 = Release|Any CPU
		{1EE31926-3AC3-47AA-85CA-A9FED410B3FB}.AppStore|Any CPU.Deploy.0 = Release|Any CPU
		{1EE31926-3AC3-47AA-85CA-A9FED410B3FB}.AppStore|ARM.ActiveCfg = Release|Any CPU
		{1EE31926-3AC3-47AA-85CA-A9FED410B3FB}.AppStore|ARM.Build.0 = Release|Any CPU
		{1EE31926-3AC3-47AA-85CA-A9FED410B3FB}.AppStore|ARM.Deploy.0 = Release|Any CPU
		{1EE31926-3AC3-47AA-85CA-A9FED410B3FB}.AppStore|iPhone.ActiveCfg = Release|Any CPU
		{1EE31926-3AC3-47AA-85CA-A9FED410B3FB}.AppStore|iPhone.Build.0 = Release|Any CPU
		{1EE31926-3AC3-47AA-85CA-A9FED410B3FB}.AppStore|iPhone.Deploy.0 = Release|Any CPU
		{1EE31926-3AC3-47AA-85CA-A9FED410B3FB}.AppStore|iPhoneSimulator.ActiveCfg = Release|Any CPU
		{1EE31926-3AC3-47AA-85CA-A9FED410B3FB}.AppStore|iPhoneSimulator.Build.0 = Release|Any CPU
		{1EE31926-3AC3-47AA-85CA-A9FED410B3FB}.AppStore|iPhoneSimulator.Deploy.0 = Release|Any CPU
		{1EE31926-3AC3-47AA-85CA-A9FED410B3FB}.AppStore|x64.ActiveCfg = Release|Any CPU
		{1EE31926-3AC3-47AA-85CA-A9FED410B3FB}.AppStore|x64.Build.0 = Release|Any CPU
		{1EE31926-3AC3-47AA-85CA-A9FED410B3FB}.AppStore|x64.Deploy.0 = Release|Any CPU
		{1EE31926-3AC3-47AA-85CA-A9FED410B3FB}.AppStore|x86.ActiveCfg = Release|Any CPU
		{1EE31926-3AC3-47AA-85CA-A9FED410B3FB}.AppStore|x86.Build.0 = Release|Any CPU
		{1EE31926-3AC3-47AA-85CA-A9FED410B3FB}.AppStore|x86.Deploy.0 = Release|Any CPU
		{1EE31926-3AC3-47AA-85CA-A9FED410B3FB}.Debug|Any CPU.ActiveCfg = Debug|Any CPU
		{1EE31926-3AC3-47AA-85CA-A9FED410B3FB}.Debug|Any CPU.Build.0 = Debug|Any CPU
		{1EE31926-3AC3-47AA-85CA-A9FED410B3FB}.Debug|Any CPU.Deploy.0 = Debug|Any CPU
		{1EE31926-3AC3-47AA-85CA-A9FED410B3FB}.Debug|ARM.ActiveCfg = Debug|Any CPU
		{1EE31926-3AC3-47AA-85CA-A9FED410B3FB}.Debug|ARM.Build.0 = Debug|Any CPU
		{1EE31926-3AC3-47AA-85CA-A9FED410B3FB}.Debug|ARM.Deploy.0 = Debug|Any CPU
		{1EE31926-3AC3-47AA-85CA-A9FED410B3FB}.Debug|iPhone.ActiveCfg = Debug|Any CPU
		{1EE31926-3AC3-47AA-85CA-A9FED410B3FB}.Debug|iPhone.Build.0 = Debug|Any CPU
		{1EE31926-3AC3-47AA-85CA-A9FED410B3FB}.Debug|iPhone.Deploy.0 = Debug|Any CPU
		{1EE31926-3AC3-47AA-85CA-A9FED410B3FB}.Debug|iPhoneSimulator.ActiveCfg = Debug|Any CPU
		{1EE31926-3AC3-47AA-85CA-A9FED410B3FB}.Debug|iPhoneSimulator.Build.0 = Debug|Any CPU
		{1EE31926-3AC3-47AA-85CA-A9FED410B3FB}.Debug|iPhoneSimulator.Deploy.0 = Debug|Any CPU
		{1EE31926-3AC3-47AA-85CA-A9FED410B3FB}.Debug|x64.ActiveCfg = Debug|Any CPU
		{1EE31926-3AC3-47AA-85CA-A9FED410B3FB}.Debug|x64.Build.0 = Debug|Any CPU
		{1EE31926-3AC3-47AA-85CA-A9FED410B3FB}.Debug|x64.Deploy.0 = Debug|Any CPU
		{1EE31926-3AC3-47AA-85CA-A9FED410B3FB}.Debug|x86.ActiveCfg = Debug|Any CPU
		{1EE31926-3AC3-47AA-85CA-A9FED410B3FB}.Debug|x86.Build.0 = Debug|Any CPU
		{1EE31926-3AC3-47AA-85CA-A9FED410B3FB}.Debug|x86.Deploy.0 = Debug|Any CPU
		{1EE31926-3AC3-47AA-85CA-A9FED410B3FB}.Release|Any CPU.ActiveCfg = Release|Any CPU
		{1EE31926-3AC3-47AA-85CA-A9FED410B3FB}.Release|Any CPU.Build.0 = Release|Any CPU
		{1EE31926-3AC3-47AA-85CA-A9FED410B3FB}.Release|Any CPU.Deploy.0 = Release|Any CPU
		{1EE31926-3AC3-47AA-85CA-A9FED410B3FB}.Release|ARM.ActiveCfg = Release|Any CPU
		{1EE31926-3AC3-47AA-85CA-A9FED410B3FB}.Release|ARM.Build.0 = Release|Any CPU
		{1EE31926-3AC3-47AA-85CA-A9FED410B3FB}.Release|ARM.Deploy.0 = Release|Any CPU
		{1EE31926-3AC3-47AA-85CA-A9FED410B3FB}.Release|iPhone.ActiveCfg = Release|Any CPU
		{1EE31926-3AC3-47AA-85CA-A9FED410B3FB}.Release|iPhone.Build.0 = Release|Any CPU
		{1EE31926-3AC3-47AA-85CA-A9FED410B3FB}.Release|iPhone.Deploy.0 = Release|Any CPU
		{1EE31926-3AC3-47AA-85CA-A9FED410B3FB}.Release|iPhoneSimulator.ActiveCfg = Release|Any CPU
		{1EE31926-3AC3-47AA-85CA-A9FED410B3FB}.Release|iPhoneSimulator.Build.0 = Release|Any CPU
		{1EE31926-3AC3-47AA-85CA-A9FED410B3FB}.Release|iPhoneSimulator.Deploy.0 = Release|Any CPU
		{1EE31926-3AC3-47AA-85CA-A9FED410B3FB}.Release|x64.ActiveCfg = Release|Any CPU
		{1EE31926-3AC3-47AA-85CA-A9FED410B3FB}.Release|x64.Build.0 = Release|Any CPU
		{1EE31926-3AC3-47AA-85CA-A9FED410B3FB}.Release|x64.Deploy.0 = Release|Any CPU
		{1EE31926-3AC3-47AA-85CA-A9FED410B3FB}.Release|x86.ActiveCfg = Release|Any CPU
		{1EE31926-3AC3-47AA-85CA-A9FED410B3FB}.Release|x86.Build.0 = Release|Any CPU
		{1EE31926-3AC3-47AA-85CA-A9FED410B3FB}.Release|x86.Deploy.0 = Release|Any CPU
		{2A614A88-AA8F-41AF-904D-B4C52C9BBD0D}.Ad-Hoc|Any CPU.ActiveCfg = Release|Any CPU
		{2A614A88-AA8F-41AF-904D-B4C52C9BBD0D}.Ad-Hoc|Any CPU.Build.0 = Release|Any CPU
		{2A614A88-AA8F-41AF-904D-B4C52C9BBD0D}.Ad-Hoc|ARM.ActiveCfg = Release|Any CPU
		{2A614A88-AA8F-41AF-904D-B4C52C9BBD0D}.Ad-Hoc|ARM.Build.0 = Release|Any CPU
		{2A614A88-AA8F-41AF-904D-B4C52C9BBD0D}.Ad-Hoc|iPhone.ActiveCfg = Release|Any CPU
		{2A614A88-AA8F-41AF-904D-B4C52C9BBD0D}.Ad-Hoc|iPhone.Build.0 = Release|Any CPU
		{2A614A88-AA8F-41AF-904D-B4C52C9BBD0D}.Ad-Hoc|iPhoneSimulator.ActiveCfg = Release|Any CPU
		{2A614A88-AA8F-41AF-904D-B4C52C9BBD0D}.Ad-Hoc|iPhoneSimulator.Build.0 = Release|Any CPU
		{2A614A88-AA8F-41AF-904D-B4C52C9BBD0D}.Ad-Hoc|x64.ActiveCfg = Release|Any CPU
		{2A614A88-AA8F-41AF-904D-B4C52C9BBD0D}.Ad-Hoc|x64.Build.0 = Release|Any CPU
		{2A614A88-AA8F-41AF-904D-B4C52C9BBD0D}.Ad-Hoc|x86.ActiveCfg = Release|Any CPU
		{2A614A88-AA8F-41AF-904D-B4C52C9BBD0D}.Ad-Hoc|x86.Build.0 = Release|Any CPU
		{2A614A88-AA8F-41AF-904D-B4C52C9BBD0D}.AppStore|Any CPU.ActiveCfg = Release|Any CPU
		{2A614A88-AA8F-41AF-904D-B4C52C9BBD0D}.AppStore|Any CPU.Build.0 = Release|Any CPU
		{2A614A88-AA8F-41AF-904D-B4C52C9BBD0D}.AppStore|ARM.ActiveCfg = Release|Any CPU
		{2A614A88-AA8F-41AF-904D-B4C52C9BBD0D}.AppStore|ARM.Build.0 = Release|Any CPU
		{2A614A88-AA8F-41AF-904D-B4C52C9BBD0D}.AppStore|iPhone.ActiveCfg = Release|Any CPU
		{2A614A88-AA8F-41AF-904D-B4C52C9BBD0D}.AppStore|iPhone.Build.0 = Release|Any CPU
		{2A614A88-AA8F-41AF-904D-B4C52C9BBD0D}.AppStore|iPhoneSimulator.ActiveCfg = Release|Any CPU
		{2A614A88-AA8F-41AF-904D-B4C52C9BBD0D}.AppStore|iPhoneSimulator.Build.0 = Release|Any CPU
		{2A614A88-AA8F-41AF-904D-B4C52C9BBD0D}.AppStore|x64.ActiveCfg = Release|Any CPU
		{2A614A88-AA8F-41AF-904D-B4C52C9BBD0D}.AppStore|x64.Build.0 = Release|Any CPU
		{2A614A88-AA8F-41AF-904D-B4C52C9BBD0D}.AppStore|x86.ActiveCfg = Release|Any CPU
		{2A614A88-AA8F-41AF-904D-B4C52C9BBD0D}.AppStore|x86.Build.0 = Release|Any CPU
		{2A614A88-AA8F-41AF-904D-B4C52C9BBD0D}.Debug|Any CPU.ActiveCfg = Debug|Any CPU
		{2A614A88-AA8F-41AF-904D-B4C52C9BBD0D}.Debug|Any CPU.Build.0 = Debug|Any CPU
		{2A614A88-AA8F-41AF-904D-B4C52C9BBD0D}.Debug|ARM.ActiveCfg = Debug|Any CPU
		{2A614A88-AA8F-41AF-904D-B4C52C9BBD0D}.Debug|ARM.Build.0 = Debug|Any CPU
		{2A614A88-AA8F-41AF-904D-B4C52C9BBD0D}.Debug|iPhone.ActiveCfg = Debug|Any CPU
		{2A614A88-AA8F-41AF-904D-B4C52C9BBD0D}.Debug|iPhone.Build.0 = Debug|Any CPU
		{2A614A88-AA8F-41AF-904D-B4C52C9BBD0D}.Debug|iPhoneSimulator.ActiveCfg = Debug|Any CPU
		{2A614A88-AA8F-41AF-904D-B4C52C9BBD0D}.Debug|iPhoneSimulator.Build.0 = Debug|Any CPU
		{2A614A88-AA8F-41AF-904D-B4C52C9BBD0D}.Debug|x64.ActiveCfg = Debug|Any CPU
		{2A614A88-AA8F-41AF-904D-B4C52C9BBD0D}.Debug|x64.Build.0 = Debug|Any CPU
		{2A614A88-AA8F-41AF-904D-B4C52C9BBD0D}.Debug|x86.ActiveCfg = Debug|Any CPU
		{2A614A88-AA8F-41AF-904D-B4C52C9BBD0D}.Debug|x86.Build.0 = Debug|Any CPU
		{2A614A88-AA8F-41AF-904D-B4C52C9BBD0D}.Release|Any CPU.ActiveCfg = Release|Any CPU
		{2A614A88-AA8F-41AF-904D-B4C52C9BBD0D}.Release|Any CPU.Build.0 = Release|Any CPU
		{2A614A88-AA8F-41AF-904D-B4C52C9BBD0D}.Release|ARM.ActiveCfg = Release|Any CPU
		{2A614A88-AA8F-41AF-904D-B4C52C9BBD0D}.Release|ARM.Build.0 = Release|Any CPU
		{2A614A88-AA8F-41AF-904D-B4C52C9BBD0D}.Release|iPhone.ActiveCfg = Release|Any CPU
		{2A614A88-AA8F-41AF-904D-B4C52C9BBD0D}.Release|iPhone.Build.0 = Release|Any CPU
		{2A614A88-AA8F-41AF-904D-B4C52C9BBD0D}.Release|iPhoneSimulator.ActiveCfg = Release|Any CPU
		{2A614A88-AA8F-41AF-904D-B4C52C9BBD0D}.Release|iPhoneSimulator.Build.0 = Release|Any CPU
		{2A614A88-AA8F-41AF-904D-B4C52C9BBD0D}.Release|x64.ActiveCfg = Release|Any CPU
		{2A614A88-AA8F-41AF-904D-B4C52C9BBD0D}.Release|x64.Build.0 = Release|Any CPU
		{2A614A88-AA8F-41AF-904D-B4C52C9BBD0D}.Release|x86.ActiveCfg = Release|Any CPU
		{2A614A88-AA8F-41AF-904D-B4C52C9BBD0D}.Release|x86.Build.0 = Release|Any CPU
		{F1F23FBA-93E2-4982-9BF6-34450D8130CE}.Ad-Hoc|Any CPU.ActiveCfg = Release|x86
		{F1F23FBA-93E2-4982-9BF6-34450D8130CE}.Ad-Hoc|Any CPU.Build.0 = Release|x86
		{F1F23FBA-93E2-4982-9BF6-34450D8130CE}.Ad-Hoc|Any CPU.Deploy.0 = Release|x86
		{F1F23FBA-93E2-4982-9BF6-34450D8130CE}.Ad-Hoc|ARM.ActiveCfg = Release|ARM
		{F1F23FBA-93E2-4982-9BF6-34450D8130CE}.Ad-Hoc|ARM.Build.0 = Release|ARM
		{F1F23FBA-93E2-4982-9BF6-34450D8130CE}.Ad-Hoc|ARM.Deploy.0 = Release|ARM
		{F1F23FBA-93E2-4982-9BF6-34450D8130CE}.Ad-Hoc|iPhone.ActiveCfg = Release|x86
		{F1F23FBA-93E2-4982-9BF6-34450D8130CE}.Ad-Hoc|iPhone.Build.0 = Release|x86
		{F1F23FBA-93E2-4982-9BF6-34450D8130CE}.Ad-Hoc|iPhone.Deploy.0 = Release|x86
		{F1F23FBA-93E2-4982-9BF6-34450D8130CE}.Ad-Hoc|iPhoneSimulator.ActiveCfg = Release|x86
		{F1F23FBA-93E2-4982-9BF6-34450D8130CE}.Ad-Hoc|iPhoneSimulator.Build.0 = Release|x86
		{F1F23FBA-93E2-4982-9BF6-34450D8130CE}.Ad-Hoc|iPhoneSimulator.Deploy.0 = Release|x86
		{F1F23FBA-93E2-4982-9BF6-34450D8130CE}.Ad-Hoc|x64.ActiveCfg = Release|x64
		{F1F23FBA-93E2-4982-9BF6-34450D8130CE}.Ad-Hoc|x64.Build.0 = Release|x64
		{F1F23FBA-93E2-4982-9BF6-34450D8130CE}.Ad-Hoc|x64.Deploy.0 = Release|x64
		{F1F23FBA-93E2-4982-9BF6-34450D8130CE}.Ad-Hoc|x86.ActiveCfg = Release|x86
		{F1F23FBA-93E2-4982-9BF6-34450D8130CE}.Ad-Hoc|x86.Build.0 = Release|x86
		{F1F23FBA-93E2-4982-9BF6-34450D8130CE}.Ad-Hoc|x86.Deploy.0 = Release|x86
		{F1F23FBA-93E2-4982-9BF6-34450D8130CE}.AppStore|Any CPU.ActiveCfg = Release|x86
		{F1F23FBA-93E2-4982-9BF6-34450D8130CE}.AppStore|Any CPU.Build.0 = Release|x86
		{F1F23FBA-93E2-4982-9BF6-34450D8130CE}.AppStore|Any CPU.Deploy.0 = Release|x86
		{F1F23FBA-93E2-4982-9BF6-34450D8130CE}.AppStore|ARM.ActiveCfg = Release|ARM
		{F1F23FBA-93E2-4982-9BF6-34450D8130CE}.AppStore|ARM.Build.0 = Release|ARM
		{F1F23FBA-93E2-4982-9BF6-34450D8130CE}.AppStore|ARM.Deploy.0 = Release|ARM
		{F1F23FBA-93E2-4982-9BF6-34450D8130CE}.AppStore|iPhone.ActiveCfg = Release|x86
		{F1F23FBA-93E2-4982-9BF6-34450D8130CE}.AppStore|iPhone.Build.0 = Release|x86
		{F1F23FBA-93E2-4982-9BF6-34450D8130CE}.AppStore|iPhone.Deploy.0 = Release|x86
		{F1F23FBA-93E2-4982-9BF6-34450D8130CE}.AppStore|iPhoneSimulator.ActiveCfg = Release|x86
		{F1F23FBA-93E2-4982-9BF6-34450D8130CE}.AppStore|iPhoneSimulator.Build.0 = Release|x86
		{F1F23FBA-93E2-4982-9BF6-34450D8130CE}.AppStore|iPhoneSimulator.Deploy.0 = Release|x86
		{F1F23FBA-93E2-4982-9BF6-34450D8130CE}.AppStore|x64.ActiveCfg = Release|x64
		{F1F23FBA-93E2-4982-9BF6-34450D8130CE}.AppStore|x64.Build.0 = Release|x64
		{F1F23FBA-93E2-4982-9BF6-34450D8130CE}.AppStore|x64.Deploy.0 = Release|x64
		{F1F23FBA-93E2-4982-9BF6-34450D8130CE}.AppStore|x86.ActiveCfg = Release|x86
		{F1F23FBA-93E2-4982-9BF6-34450D8130CE}.AppStore|x86.Build.0 = Release|x86
		{F1F23FBA-93E2-4982-9BF6-34450D8130CE}.AppStore|x86.Deploy.0 = Release|x86
		{F1F23FBA-93E2-4982-9BF6-34450D8130CE}.Debug|Any CPU.ActiveCfg = Debug|x86
		{F1F23FBA-93E2-4982-9BF6-34450D8130CE}.Debug|ARM.ActiveCfg = Debug|ARM
		{F1F23FBA-93E2-4982-9BF6-34450D8130CE}.Debug|ARM.Build.0 = Debug|ARM
		{F1F23FBA-93E2-4982-9BF6-34450D8130CE}.Debug|ARM.Deploy.0 = Debug|ARM
		{F1F23FBA-93E2-4982-9BF6-34450D8130CE}.Debug|iPhone.ActiveCfg = Debug|x86
		{F1F23FBA-93E2-4982-9BF6-34450D8130CE}.Debug|iPhoneSimulator.ActiveCfg = Debug|x86
		{F1F23FBA-93E2-4982-9BF6-34450D8130CE}.Debug|x64.ActiveCfg = Debug|x64
		{F1F23FBA-93E2-4982-9BF6-34450D8130CE}.Debug|x64.Build.0 = Debug|x64
		{F1F23FBA-93E2-4982-9BF6-34450D8130CE}.Debug|x64.Deploy.0 = Debug|x64
		{F1F23FBA-93E2-4982-9BF6-34450D8130CE}.Debug|x86.ActiveCfg = Debug|x86
		{F1F23FBA-93E2-4982-9BF6-34450D8130CE}.Debug|x86.Build.0 = Debug|x86
		{F1F23FBA-93E2-4982-9BF6-34450D8130CE}.Debug|x86.Deploy.0 = Debug|x86
		{F1F23FBA-93E2-4982-9BF6-34450D8130CE}.Release|Any CPU.ActiveCfg = Release|x86
		{F1F23FBA-93E2-4982-9BF6-34450D8130CE}.Release|ARM.ActiveCfg = Release|ARM
		{F1F23FBA-93E2-4982-9BF6-34450D8130CE}.Release|ARM.Build.0 = Release|ARM
		{F1F23FBA-93E2-4982-9BF6-34450D8130CE}.Release|ARM.Deploy.0 = Release|ARM
		{F1F23FBA-93E2-4982-9BF6-34450D8130CE}.Release|iPhone.ActiveCfg = Release|x86
		{F1F23FBA-93E2-4982-9BF6-34450D8130CE}.Release|iPhoneSimulator.ActiveCfg = Release|x86
		{F1F23FBA-93E2-4982-9BF6-34450D8130CE}.Release|x64.ActiveCfg = Release|x64
		{F1F23FBA-93E2-4982-9BF6-34450D8130CE}.Release|x64.Build.0 = Release|x64
		{F1F23FBA-93E2-4982-9BF6-34450D8130CE}.Release|x64.Deploy.0 = Release|x64
		{F1F23FBA-93E2-4982-9BF6-34450D8130CE}.Release|x86.ActiveCfg = Release|x86
		{F1F23FBA-93E2-4982-9BF6-34450D8130CE}.Release|x86.Build.0 = Release|x86
		{F1F23FBA-93E2-4982-9BF6-34450D8130CE}.Release|x86.Deploy.0 = Release|x86
		{D8650A41-85E8-474A-BBF7-B5B57AFC855F}.Ad-Hoc|Any CPU.ActiveCfg = Ad-Hoc|iPhone
		{D8650A41-85E8-474A-BBF7-B5B57AFC855F}.Ad-Hoc|ARM.ActiveCfg = Ad-Hoc|iPhone
		{D8650A41-85E8-474A-BBF7-B5B57AFC855F}.Ad-Hoc|iPhone.ActiveCfg = Ad-Hoc|iPhone
		{D8650A41-85E8-474A-BBF7-B5B57AFC855F}.Ad-Hoc|iPhone.Build.0 = Ad-Hoc|iPhone
		{D8650A41-85E8-474A-BBF7-B5B57AFC855F}.Ad-Hoc|iPhoneSimulator.ActiveCfg = Ad-Hoc|iPhoneSimulator
		{D8650A41-85E8-474A-BBF7-B5B57AFC855F}.Ad-Hoc|iPhoneSimulator.Build.0 = Ad-Hoc|iPhoneSimulator
		{D8650A41-85E8-474A-BBF7-B5B57AFC855F}.Ad-Hoc|x64.ActiveCfg = Ad-Hoc|iPhone
		{D8650A41-85E8-474A-BBF7-B5B57AFC855F}.Ad-Hoc|x86.ActiveCfg = Ad-Hoc|iPhone
		{D8650A41-85E8-474A-BBF7-B5B57AFC855F}.AppStore|Any CPU.ActiveCfg = AppStore|iPhone
		{D8650A41-85E8-474A-BBF7-B5B57AFC855F}.AppStore|ARM.ActiveCfg = AppStore|iPhone
		{D8650A41-85E8-474A-BBF7-B5B57AFC855F}.AppStore|iPhone.ActiveCfg = AppStore|iPhone
		{D8650A41-85E8-474A-BBF7-B5B57AFC855F}.AppStore|iPhone.Build.0 = AppStore|iPhone
		{D8650A41-85E8-474A-BBF7-B5B57AFC855F}.AppStore|iPhoneSimulator.ActiveCfg = AppStore|iPhoneSimulator
		{D8650A41-85E8-474A-BBF7-B5B57AFC855F}.AppStore|iPhoneSimulator.Build.0 = AppStore|iPhoneSimulator
		{D8650A41-85E8-474A-BBF7-B5B57AFC855F}.AppStore|x64.ActiveCfg = AppStore|iPhone
		{D8650A41-85E8-474A-BBF7-B5B57AFC855F}.AppStore|x86.ActiveCfg = AppStore|iPhone
		{D8650A41-85E8-474A-BBF7-B5B57AFC855F}.Debug|Any CPU.ActiveCfg = Debug|iPhone
		{D8650A41-85E8-474A-BBF7-B5B57AFC855F}.Debug|ARM.ActiveCfg = Debug|iPhone
		{D8650A41-85E8-474A-BBF7-B5B57AFC855F}.Debug|iPhone.ActiveCfg = Debug|iPhone
		{D8650A41-85E8-474A-BBF7-B5B57AFC855F}.Debug|iPhone.Build.0 = Debug|iPhone
		{D8650A41-85E8-474A-BBF7-B5B57AFC855F}.Debug|iPhoneSimulator.ActiveCfg = Debug|iPhoneSimulator
		{D8650A41-85E8-474A-BBF7-B5B57AFC855F}.Debug|iPhoneSimulator.Build.0 = Debug|iPhoneSimulator
		{D8650A41-85E8-474A-BBF7-B5B57AFC855F}.Debug|x64.ActiveCfg = Debug|iPhone
		{D8650A41-85E8-474A-BBF7-B5B57AFC855F}.Debug|x86.ActiveCfg = Debug|iPhone
		{D8650A41-85E8-474A-BBF7-B5B57AFC855F}.Release|Any CPU.ActiveCfg = Release|iPhone
		{D8650A41-85E8-474A-BBF7-B5B57AFC855F}.Release|ARM.ActiveCfg = Release|iPhone
		{D8650A41-85E8-474A-BBF7-B5B57AFC855F}.Release|iPhone.ActiveCfg = Release|iPhone
		{D8650A41-85E8-474A-BBF7-B5B57AFC855F}.Release|iPhone.Build.0 = Release|iPhone
		{D8650A41-85E8-474A-BBF7-B5B57AFC855F}.Release|iPhoneSimulator.ActiveCfg = Release|iPhoneSimulator
		{D8650A41-85E8-474A-BBF7-B5B57AFC855F}.Release|iPhoneSimulator.Build.0 = Release|iPhoneSimulator
		{D8650A41-85E8-474A-BBF7-B5B57AFC855F}.Release|x64.ActiveCfg = Release|iPhone
		{D8650A41-85E8-474A-BBF7-B5B57AFC855F}.Release|x86.ActiveCfg = Release|iPhone
	EndGlobalSection
	GlobalSection(SolutionProperties) = preSolution
		HideSolutionNode = FALSE
	EndGlobalSection
	GlobalSection(ExtensibilityGlobals) = postSolution
		SolutionGuid = {392EDA90-2A08-47E0-8E8D-11AFAB34B350}
	EndGlobalSection
EndGlobal
